
Microsoft Visual Studio Solution File, Format Version 12.00
# Visual Studio Version 16
VisualStudioVersion = 16.0.29519.87
MinimumVisualStudioVersion = 10.0.40219.1
Project("{FAE04EC0-301F-11D3-BF4B-00C04F79EFBC}") = "VoiceApp", "VoiceApp\VoiceApp.csproj", "{FDAEC302-A7FA-4290-93E5-0E4A333075D1}"
EndProject
Global
	GlobalSection(SolutionConfigurationPlatforms) = preSolution
		Debug|Any CPU = Debug|Any CPU
		Release|Any CPU = Release|Any CPU
	EndGlobalSection
	GlobalSection(ProjectConfigurationPlatforms) = postSolution
		{FDAEC302-A7FA-4290-93E5-0E4A333075D1}.Debug|Any CPU.ActiveCfg = Debug|Any CPU
		{FDAEC302-A7FA-4290-93E5-0E4A333075D1}.Debug|Any CPU.Build.0 = Debug|Any CPU
		{FDAEC302-A7FA-4290-93E5-0E4A333075D1}.Release|Any CPU.ActiveCfg = Release|Any CPU
		{FDAEC302-A7FA-4290-93E5-0E4A333075D1}.Release|Any CPU.Build.0 = Release|Any CPU
	EndGlobalSection
	GlobalSection(SolutionProperties) = preSolution
		HideSolutionNode = FALSE
	EndGlobalSection
	GlobalSection(ExtensibilityGlobals) = postSolution
		SolutionGuid = {F5B0FFAD-88DB-476E-80D9-7A214A86053C}
	EndGlobalSection
EndGlobal
